{
  "name": "aula003",
  "version": "1.0.0",
  "lockfileVersion": 3,
  "requires": true,
  "packages": {
    "": {
      "name": "aula003",
      "version": "1.0.0",
      "license": "ISC",
      "devDependencies": {
        "poku": "^3.0.2"
      }
    },
    "node_modules/poku": {
      "version": "3.0.2",
      "resolved": "https://registry.npmjs.org/poku/-/poku-3.0.2.tgz",
      "integrity": "sha512-vwNcV5Y+gEhq1Sxw34HTZ4rTudg7LgaEoyZ4m7CXH/k9JKTTwwnj9fZGrstbEBR2e2TCroNHqt6cVGBAg6zkAA==",
      "dev": true,
      "license": "MIT",
      "bin": {
        "poku": "lib/bin/index.js"
      },
      "engines": {
        "bun": ">=1.x.x",
        "deno": ">=1.x.x",
        "node": ">=14.x.x",
        "typescript": ">=5.x.x"
      },
      "funding": {
        "type": "github",
        "url": "https://github.com/sponsors/wellwelwel"
      }
    }
  }
}
